<Solution>
  <Folder Name="/src/">
    <Project Path="src/HashCompare.Core/HashCompare.Core.csproj" />
    <Project Path="src/HashCompare.App/HashCompare.App.csproj" />
  </Folder>
  <Folder Name="/tests/">
    <Project Path="tests/HashCompare.Core.Tests/HashCompare.Core.Tests.csproj" />
  </Folder>
</Solution>